// !$*UTF8*$!
{
	archiveVersion = 1;
	classes = {
	};
	objectVersion = 50;
	objects = {

/* Begin PBXBuildFile section */
		8D49EBA12590D1B200550F94 /* AppDelegate.swift in Sources */ = {isa = PBXBuildFile; fileRef = 8D49EBA02590D1B200550F94 /* AppDelegate.swift */; };
		8D49EBA32590D1B200550F94 /* SceneDelegate.swift in Sources */ = {isa = PBXBuildFile; fileRef = 8D49EBA22590D1B200550F94 /* SceneDelegate.swift */; };
		8D49EBA82590D1B200550F94 /* Main.storyboard in Resources */ = {isa = PBXBuildFile; fileRef = 8D49EBA62590D1B200550F94 /* Main.storyboard */; };
		8D49EBAA2590D1B400550F94 /* Assets.xcassets in Resources */ = {isa = PBXBuildFile; fileRef = 8D49EBA92590D1B400550F94 /* Assets.xcassets */; };
		8D49EBAD2590D1B400550F94 /* LaunchScreen.storyboard in Resources */ = {isa = PBXBuildFile; fileRef = 8D49EBAB2590D1B400550F94 /* LaunchScreen.storyboard */; };
		8D49EBBA2590D2E500550F94 /* WebViewController.swift in Sources */ = {isa = PBXBuildFile; fileRef = 8D49EBB92590D2E500550F94 /* WebViewController.swift */; };
		8D49EBBD2590D37000550F94 /* NewsViewController.swift in Sources */ = {isa = PBXBuildFile; fileRef = 8D49EBBC2590D37000550F94 /* NewsViewController.swift */; };
		8D49EBC12590DC5700550F94 /* CustomTableViewCell.swift in Sources */ = {isa = PBXBuildFile; fileRef = 8D49EBBF2590DC5700550F94 /* CustomTableViewCell.swift */; };
		8D49EBC22590DC5700550F94 /* CustomTableViewCell.xib in Resources */ = {isa = PBXBuildFile; fileRef = 8D49EBC02590DC5700550F94 /* CustomTableViewCell.xib */; };
		8D4BDC2B25912C1200873BD8 /* Newsfeed.swift in Sources */ = {isa = PBXBuildFile; fileRef = 8D4BDC2A25912C1200873BD8 /* Newsfeed.swift */; };
		8D4BDC2E25912C7300873BD8 /* Article.swift in Sources */ = {isa = PBXBuildFile; fileRef = 8D4BDC2D25912C7300873BD8 /* Article.swift */; };
		8D4BDC3A259146DF00873BD8 /* ApiCall.swift in Sources */ = {isa = PBXBuildFile; fileRef = 8D4BDC39259146DF00873BD8 /* ApiCall.swift */; };
		8D792A682592028200CFA7AF /* noPhoto.jpg in Resources */ = {isa = PBXBuildFile; fileRef = 8D792A672592028200CFA7AF /* noPhoto.jpg */; };
/* End PBXBuildFile section */

/* Begin PBXFileReference section */
		8D49EB9D2590D1B200550F94 /* TestTaskPecode.app */ = {isa = PBXFileReference; explicitFileType = wrapper.application; includeInIndex = 0; path = TestTaskPecode.app; sourceTree = BUILT_PRODUCTS_DIR; };
		8D49EBA02590D1B200550F94 /* AppDelegate.swift */ = {isa = PBXFileReference; lastKnownFileType = sourcecode.swift; path = AppDelegate.swift; sourceTree = "<group>"; };
		8D49EBA22590D1B200550F94 /* SceneDelegate.swift */ = {isa = PBXFileReference; lastKnownFileType = sourcecode.swift; path = SceneDelegate.swift; sourceTree = "<group>"; };
		8D49EBA72590D1B200550F94 /* Base */ = {isa = PBXFileReference; lastKnownFileType = file.storyboard; name = Base; path = Base.lproj/Main.storyboard; sourceTree = "<group>"; };
		8D49EBA92590D1B400550F94 /* Assets.xcassets */ = {isa = PBXFileReference; lastKnownFileType = folder.assetcatalog; path = Assets.xcassets; sourceTree = "<group>"; };
		8D49EBAC2590D1B400550F94 /* Base */ = {isa = PBXFileReference; lastKnownFileType = file.storyboard; name = Base; path = Base.lproj/LaunchScreen.storyboard; sourceTree = "<group>"; };
		8D49EBAE2590D1B400550F94 /* Info.plist */ = {isa = PBXFileReference; lastKnownFileType = text.plist.xml; path = Info.plist; sourceTree = "<group>"; };
		8D49EBB92590D2E500550F94 /* WebViewController.swift */ = {isa = PBXFileReference; lastKnownFileType = sourcecode.swift; path = WebViewController.swift; sourceTree = "<group>"; };
		8D49EBBC2590D37000550F94 /* NewsViewController.swift */ = {isa = PBXFileReference; lastKnownFileType = sourcecode.swift; path = NewsViewController.swift; sourceTree = "<group>"; };
		8D49EBBF2590DC5700550F94 /* CustomTableViewCell.swift */ = {isa = PBXFileReference; lastKnownFileType = sourcecode.swift; path = CustomTableViewCell.swift; sourceTree = "<group>"; };
		8D49EBC02590DC5700550F94 /* CustomTableViewCell.xib */ = {isa = PBXFileReference; lastKnownFileType = file.xib; path = CustomTableViewCell.xib; sourceTree = "<group>"; };
		8D4BDC2A25912C1200873BD8 /* Newsfeed.swift */ = {isa = PBXFileReference; lastKnownFileType = sourcecode.swift; path = Newsfeed.swift; sourceTree = "<group>"; };
		8D4BDC2D25912C7300873BD8 /* Article.swift */ = {isa = PBXFileReference; lastKnownFileType = sourcecode.swift; path = Article.swift; sourceTree = "<group>"; };
		8D4BDC39259146DF00873BD8 /* ApiCall.swift */ = {isa = PBXFileReference; lastKnownFileType = sourcecode.swift; path = ApiCall.swift; sourceTree = "<group>"; };
		8D792A672592028200CFA7AF /* noPhoto.jpg */ = {isa = PBXFileReference; lastKnownFileType = image.jpeg; path = noPhoto.jpg; sourceTree = "<group>"; };
/* End PBXFileReference section */

/* Begin PBXFrameworksBuildPhase section */
		8D49EB9A2590D1B200550F94 /* Frameworks */ = {
			isa = PBXFrameworksBuildPhase;
			buildActionMask = 2147483647;
			files = (
			);
			runOnlyForDeploymentPostprocessing = 0;
		};
/* End PBXFrameworksBuildPhase section */

/* Begin PBXGroup section */
		8D49EB942590D1B200550F94 = {
			isa = PBXGroup;
			children = (
				8D49EB9F2590D1B200550F94 /* TestTaskPecode */,
				8D49EB9E2590D1B200550F94 /* Products */,
			);
			sourceTree = "<group>";
		};
		8D49EB9E2590D1B200550F94 /* Products */ = {
			isa = PBXGroup;
			children = (
				8D49EB9D2590D1B200550F94 /* TestTaskPecode.app */,
			);
			name = Products;
			sourceTree = "<group>";
		};
		8D49EB9F2590D1B200550F94 /* TestTaskPecode */ = {
			isa = PBXGroup;
			children = (
				8D792A672592028200CFA7AF /* noPhoto.jpg */,
				8D49EBBC2590D37000550F94 /* NewsViewController.swift */,
				8D49EBB92590D2E500550F94 /* WebViewController.swift */,
				8D49EBA62590D1B200550F94 /* Main.storyboard */,
				8D49EBC02590DC5700550F94 /* CustomTableViewCell.xib */,
				8D49EBBF2590DC5700550F94 /* CustomTableViewCell.swift */,
				8D4BDC39259146DF00873BD8 /* ApiCall.swift */,
				8D4BDC2A25912C1200873BD8 /* Newsfeed.swift */,
				8D4BDC2D25912C7300873BD8 /* Article.swift */,
				8D49EBA22590D1B200550F94 /* SceneDelegate.swift */,
				8D49EBA02590D1B200550F94 /* AppDelegate.swift */,
				8D49EBA92590D1B400550F94 /* Assets.xcassets */,
				8D49EBAB2590D1B400550F94 /* LaunchScreen.storyboard */,
				8D49EBAE2590D1B400550F94 /* Info.plist */,
			);
			path = TestTaskPecode;
			sourceTree = "<group>";
		};
/* End PBXGroup section */

/* Begin PBXNativeTarget section */
		8D49EB9C2590D1B200550F94 /* TestTaskPecode */ = {
			isa = PBXNativeTarget;
			buildConfigurationList = 8D49EBB12590D1B400550F94 /* Build configuration list for PBXNativeTarget "TestTaskPecode" */;
			buildPhases = (
				8D49EB992590D1B200550F94 /* Sources */,
				8D49EB9A2590D1B200550F94 /* Frameworks */,
				8D49EB9B2590D1B200550F94 /* Resources */,
			);
			buildRules = (
			);
			dependencies = (
			);
			name = TestTaskPecode;
			productName = TestTaskPecode;
			productReference = 8D49EB9D2590D1B200550F94 /* TestTaskPecode.app */;
			productType = "com.apple.product-type.application";
		};
/* End PBXNativeTarget section */

/* Begin PBXProject section */
		8D49EB952590D1B200550F94 /* Project object */ = {
			isa = PBXProject;
			attributes = {
				LastSwiftUpdateCheck = 1230;
				LastUpgradeCheck = 1230;
				TargetAttributes = {
					8D49EB9C2590D1B200550F94 = {
						CreatedOnToolsVersion = 12.3;
					};
				};
			};
			buildConfigurationList = 8D49EB982590D1B200550F94 /* Build configuration list for PBXProject "TestTaskPecode" */;
			compatibilityVersion = "Xcode 9.3";
			developmentRegion = en;
			hasScannedForEncodings = 0;
			knownRegions = (
				en,
				Base,
			);
			mainGroup = 8D49EB942590D1B200550F94;
			productRefGroup = 8D49EB9E2590D1B200550F94 /* Products */;
			projectDirPath = "";
			projectRoot = "";
			targets = (
				8D49EB9C2590D1B200550F94 /* TestTaskPecode */,
			);
		};
/* End PBXProject section */

/* Begin PBXResourcesBuildPhase section */
		8D49EB9B2590D1B200550F94 /* Resources */ = {
			isa = PBXResourcesBuildPhase;
			buildActionMask = 2147483647;
			files = (
				8D49EBAD2590D1B400550F94 /* LaunchScreen.storyboard in Resources */,
				8D792A682592028200CFA7AF /* noPhoto.jpg in Resources */,
				8D49EBAA2590D1B400550F94 /* Assets.xcassets in Resources */,
				8D49EBC22590DC5700550F94 /* CustomTableViewCell.xib in Resources */,
				8D49EBA82590D1B200550F94 /* Main.storyboard in Resources */,
			);
			runOnlyForDeploymentPostprocessing = 0;
		};
/* End PBXResourcesBuildPhase section */

/* Begin PBXSourcesBuildPhase section */
		8D49EB992590D1B200550F94 /* Sources */ = {
			isa = PBXSourcesBuildPhase;
			buildActionMask = 2147483647;
			files = (
				8D4BDC3A259146DF00873BD8 /* ApiCall.swift in Sources */,
				8D4BDC2B25912C1200873BD8 /* Newsfeed.swift in Sources */,
				8D49EBC12590DC5700550F94 /* CustomTableViewCell.swift in Sources */,
				8D49EBA12590D1B200550F94 /* AppDelegate.swift in Sources */,
				8D4BDC2E25912C7300873BD8 /* Article.swift in Sources */,
				8D49EBA32590D1B200550F94 /* SceneDelegate.swift in Sources */,
				8D49EBBD2590D37000550F94 /* NewsViewController.swift in Sources */,
				8D49EBBA2590D2E500550F94 /* WebViewController.swift in Sources */,
			);
			runOnlyForDeploymentPostprocessing = 0;
		};
/* End PBXSourcesBuildPhase section */

/* Begin PBXVariantGroup section */
		8D49EBA62590D1B200550F94 /* Main.storyboard */ = {
			isa = PBXVariantGroup;
			children = (
				8D49EBA72590D1B200550F94 /* Base */,
			);
			name = Main.storyboard;
			sourceTree = "<group>";
		};
		8D49EBAB2590D1B400550F94 /* LaunchScreen.storyboard */ = {
			isa = PBXVariantGroup;
			children = (
				8D49EBAC2590D1B400550F94 /* Base */,
			);
			name = LaunchScreen.storyboard;
			sourceTree = "<group>";
		};
/* End PBXVariantGroup section */

/* Begin XCBuildConfiguration section */
		8D49EBAF2590D1B400550F94 /* Debug */ = {
			isa = XCBuildConfiguration;
			buildSettings = {
				ALWAYS_SEARCH_USER_PATHS = NO;
				CLANG_ANALYZER_NONNULL = YES;
				CLANG_ANALYZER_NUMBER_OBJECT_CONVERSION = YES_AGGRESSIVE;
				CLANG_CXX_LANGUAGE_STANDARD = "gnu++14";
				CLANG_CXX_LIBRARY = "libc++";
				CLANG_ENABLE_MODULES = YES;
				CLANG_ENABLE_OBJC_ARC = YES;
				CLANG_ENABLE_OBJC_WEAK = YES;
				CLANG_WARN_BLOCK_CAPTURE_AUTORELEASING = YES;
				CLANG_WARN_BOOL_CONVERSION = YES;
				CLANG_WARN_COMMA = YES;
				CLANG_WARN_CONSTANT_CONVERSION = YES;
				CLANG_WARN_DEPRECATED_OBJC_IMPLEMENTATIONS = YES;
				CLANG_WARN_DIRECT_OBJC_ISA_USAGE = YES_ERROR;
				CLANG_WARN_DOCUMENTATION_COMMENTS = YES;
				CLANG_WARN_EMPTY_BODY = YES;
				CLANG_WARN_ENUM_CONVERSION = YES;
				CLANG_WARN_INFINITE_RECURSION = YES;
				CLANG_WARN_INT_CONVERSION = YES;
				CLANG_WARN_NON_LITERAL_NULL_CONVERSION = YES;
				CLANG_WARN_OBJC_IMPLICIT_RETAIN_SELF = YES;
				CLANG_WARN_OBJC_LITERAL_CONVERSION = YES;
				CLANG_WARN_OBJC_ROOT_CLASS = YES_ERROR;
				CLANG_WARN_QUOTED_INCLUDE_IN_FRAMEWORK_HEADER = YES;
				CLANG_WARN_RANGE_LOOP_ANALYSIS = YES;
				CLANG_WARN_STRICT_PROTOTYPES = YES;
				CLANG_WARN_SUSPICIOUS_MOVE = YES;
				CLANG_WARN_UNGUARDED_AVAILABILITY = YES_AGGRESSIVE;
				CLANG_WARN_UNREACHABLE_CODE = YES;
				CLANG_WARN__DUPLICATE_METHOD_MATCH = YES;
				COPY_PHASE_STRIP = NO;
				DEBUG_INFORMATION_FORMAT = dwarf;
				ENABLE_STRICT_OBJC_MSGSEND = YES;
				ENABLE_TESTABILITY = YES;
				GCC_C_LANGUAGE_STANDARD = gnu11;
				GCC_DYNAMIC_NO_PIC = NO;
				GCC_NO_COMMON_BLOCKS = YES;
				GCC_OPTIMIZATION_LEVEL = 0;
				GCC_PREPROCESSOR_DEFINITIONS = (
					"DEBUG=1",
					"$(inherited)",
				);
				GCC_WARN_64_TO_32_BIT_CONVERSION = YES;
				GCC_WARN_ABOUT_RETURN_TYPE = YES_ERROR;
				GCC_WARN_UNDECLARED_SELECTOR = YES;
				GCC_WARN_UNINITIALIZED_AUTOS = YES_AGGRESSIVE;
				GCC_WARN_UNUSED_FUNCTION = YES;
				GCC_WARN_UNUSED_VARIABLE = YES;
				IPHONEOS_DEPLOYMENT_TARGET = 14.3;
				MTL_ENABLE_DEBUG_INFO = INCLUDE_SOURCE;
				MTL_FAST_MATH = YES;
				ONLY_ACTIVE_ARCH = YES;
				SDKROOT = iphoneos;
				SWIFT_ACTIVE_COMPILATION_CONDITIONS = DEBUG;
				SWIFT_OPTIMIZATION_LEVEL = "-Onone";
			};
			name = Debug;
		};
		8D49EBB02590D1B400550F94 /* Release */ = {
			isa = XCBuildConfiguration;
			buildSettings = {
				ALWAYS_SEARCH_USER_PATHS = NO;
				CLANG_ANALYZER_NONNULL = YES;
				CLANG_ANALYZER_NUMBER_OBJECT_CONVERSION = YES_AGGRESSIVE;
				CLANG_CXX_LANGUAGE_STANDARD = "gnu++14";
				CLANG_CXX_LIBRARY = "libc++";
				CLANG_ENABLE_MODULES = YES;
				CLANG_ENABLE_OBJC_ARC = YES;
				CLANG_ENABLE_OBJC_WEAK = YES;
				CLANG_WARN_BLOCK_CAPTURE_AUTORELEASING = YES;
				CLANG_WARN_BOOL_CONVERSION = YES;
				CLANG_WARN_COMMA = YES;
				CLANG_WARN_CONSTANT_CONVERSION = YES;
				CLANG_WARN_DEPRECATED_OBJC_IMPLEMENTATIONS = YES;
				CLANG_WARN_DIRECT_OBJC_ISA_USAGE = YES_ERROR;
				CLANG_WARN_DOCUMENTATION_COMMENTS = YES;
				CLANG_WARN_EMPTY_BODY = YES;
				CLANG_WARN_ENUM_CONVERSION = YES;
				CLANG_WARN_INFINITE_RECURSION = YES;
				CLANG_WARN_INT_CONVERSION = YES;
				CLANG_WARN_NON_LITERAL_NULL_CONVERSION = YES;
				CLANG_WARN_OBJC_IMPLICIT_RETAIN_SELF = YES;
				CLANG_WARN_OBJC_LITERAL_CONVERSION = YES;
				CLANG_WARN_OBJC_ROOT_CLASS = YES_ERROR;
				CLANG_WARN_QUOTED_INCLUDE_IN_FRAMEWORK_HEADER = YES;
				CLANG_WARN_RANGE_LOOP_ANALYSIS = YES;
				CLANG_WARN_STRICT_PROTOTYPES = YES;
				CLANG_WARN_SUSPICIOUS_MOVE = YES;
				CLANG_WARN_UNGUARDED_AVAILABILITY = YES_AGGRESSIVE;
				CLANG_WARN_UNREACHABLE_CODE = YES;
				CLANG_WARN__DUPLICATE_METHOD_MATCH = YES;
				COPY_PHASE_STRIP = NO;
				DEBUG_INFORMATION_FORMAT = "dwarf-with-dsym";
				ENABLE_NS_ASSERTIONS = NO;
				ENABLE_STRICT_OBJC_MSGSEND = YES;
				GCC_C_LANGUAGE_STANDARD = gnu11;
				GCC_NO_COMMON_BLOCKS = YES;
				GCC_WARN_64_TO_32_BIT_CONVERSION = YES;
				GCC_WARN_ABOUT_RETURN_TYPE = YES_ERROR;
				GCC_WARN_UNDECLARED_SELECTOR = YES;
				GCC_WARN_UNINITIALIZED_AUTOS = YES_AGGRESSIVE;
				GCC_WARN_UNUSED_FUNCTION = YES;
				GCC_WARN_UNUSED_VARIABLE = YES;
				IPHONEOS_DEPLOYMENT_TARGET = 14.3;
				MTL_ENABLE_DEBUG_INFO = NO;
				MTL_FAST_MATH = YES;
				SDKROOT = iphoneos;
				SWIFT_COMPILATION_MODE = wholemodule;
				SWIFT_OPTIMIZATION_LEVEL = "-O";
				VALIDATE_PRODUCT = YES;
			};
			name = Release;
		};
		8D49EBB22590D1B400550F94 /* Debug */ = {
			isa = XCBuildConfiguration;
			buildSettings = {
				ASSETCATALOG_COMPILER_APPICON_NAME = AppIcon;
				ASSETCATALOG_COMPILER_GLOBAL_ACCENT_COLOR_NAME = AccentColor;
				CODE_SIGN_STYLE = Automatic;
				DEVELOPMENT_TEAM = B68D4EQP44;
				INFOPLIST_FILE = TestTaskPecode/Info.plist;
				IPHONEOS_DEPLOYMENT_TARGET = 14.2;
				LD_RUNPATH_SEARCH_PATHS = (
					"$(inherited)",
					"@executable_path/Frameworks",
				);
				PRODUCT_BUNDLE_IDENTIFIER = "com.Maksym-Kuba.TestTaskPecode";
				PRODUCT_NAME = "$(TARGET_NAME)";
				SWIFT_VERSION = 5.0;
				TARGETED_DEVICE_FAMILY = "1,2";
			};
			name = Debug;
		};
		8D49EBB32590D1B400550F94 /* Release */ = {
			isa = XCBuildConfiguration;
			buildSettings = {
				ASSETCATALOG_COMPILER_APPICON_NAME = AppIcon;
				ASSETCATALOG_COMPILER_GLOBAL_ACCENT_COLOR_NAME = AccentColor;
				CODE_SIGN_STYLE = Automatic;
				DEVELOPMENT_TEAM = B68D4EQP44;
				INFOPLIST_FILE = TestTaskPecode/Info.plist;
				IPHONEOS_DEPLOYMENT_TARGET = 14.2;
				LD_RUNPATH_SEARCH_PATHS = (
					"$(inherited)",
					"@executable_path/Frameworks",
				);
				PRODUCT_BUNDLE_IDENTIFIER = "com.Maksym-Kuba.TestTaskPecode";
				PRODUCT_NAME = "$(TARGET_NAME)";
				SWIFT_VERSION = 5.0;
				TARGETED_DEVICE_FAMILY = "1,2";
			};
			name = Release;
		};
/* End XCBuildConfiguration section */

/* Begin XCConfigurationList section */
		8D49EB982590D1B200550F94 /* Build configuration list for PBXProject "TestTaskPecode" */ = {
			isa = XCConfigurationList;
			buildConfigurations = (
				8D49EBAF2590D1B400550F94 /* Debug */,
				8D49EBB02590D1B400550F94 /* Release */,
			);
			defaultConfigurationIsVisible = 0;
			defaultConfigurationName = Release;
		};
		8D49EBB12590D1B400550F94 /* Build configuration list for PBXNativeTarget "TestTaskPecode" */ = {
			isa = XCConfigurationList;
			buildConfigurations = (
				8D49EBB22590D1B400550F94 /* Debug */,
				8D49EBB32590D1B400550F94 /* Release */,
			);
			defaultConfigurationIsVisible = 0;
			defaultConfigurationName = Release;
		};
/* End XCConfigurationList section */
	};
	rootObject = 8D49EB952590D1B200550F94 /* Project object */;
}
